
Microsoft Visual Studio Solution File, Format Version 12.00
# Visual Studio 14
VisualStudioVersion = 14.0.25420.1
MinimumVisualStudioVersion = 10.0.40219.1
Project("{FAE04EC0-301F-11D3-BF4B-00C04F79EFBC}") = "SudokuSolver", "SudokuSolver\SudokuSolver.csproj", "{953E4743-B51D-434F-A4BC-05C0D2FD5C77}"
EndProject
Project("{FAE04EC0-301F-11D3-BF4B-00C04F79EFBC}") = "SudokuSolverTests", "SudokuSolverTests\SudokuSolverTests.csproj", "{B94595C6-9745-4933-ADB7-D08B74B2C2EE}"
EndProject
Global
	GlobalSection(SolutionConfigurationPlatforms) = preSolution
		Debug|Any CPU = Debug|Any CPU
		Release|Any CPU = Release|Any CPU
	EndGlobalSection
	GlobalSection(ProjectConfigurationPlatforms) = postSolution
		{953E4743-B51D-434F-A4BC-05C0D2FD5C77}.Debug|Any CPU.ActiveCfg = Debug|Any CPU
		{953E4743-B51D-434F-A4BC-05C0D2FD5C77}.Debug|Any CPU.Build.0 = Debug|Any CPU
		{953E4743-B51D-434F-A4BC-05C0D2FD5C77}.Release|Any CPU.ActiveCfg = Release|Any CPU
		{953E4743-B51D-434F-A4BC-05C0D2FD5C77}.Release|Any CPU.Build.0 = Release|Any CPU
		{B94595C6-9745-4933-ADB7-D08B74B2C2EE}.Debug|Any CPU.ActiveCfg = Debug|Any CPU
		{B94595C6-9745-4933-ADB7-D08B74B2C2EE}.Debug|Any CPU.Build.0 = Debug|Any CPU
		{B94595C6-9745-4933-ADB7-D08B74B2C2EE}.Release|Any CPU.ActiveCfg = Release|Any CPU
		{B94595C6-9745-4933-ADB7-D08B74B2C2EE}.Release|Any CPU.Build.0 = Release|Any CPU
	EndGlobalSection
	GlobalSection(SolutionProperties) = preSolution
		HideSolutionNode = FALSE
	EndGlobalSection
EndGlobal
